
Microsoft Visual Studio Solution File, Format Version 12.00
Project("{FAE04EC0-301F-11D3-BF4B-00C04F79EFBC}") = "CastleGrimtol", "CastleGrimtol\CastleGrimtol.csproj", "{12C67026-2B3D-44FA-86BB-0F43FDE3F8D1}"
EndProject
Project("{FAE04EC0-301F-11D3-BF4B-00C04F79EFBC}") = "GrimtolLibrary", "GrimtolLibrary\GrimtolLibrary.csproj", "{9938BF9B-D978-4D2F-A53A-42F7B8ABD3F1}"
EndProject
Global
	GlobalSection(SolutionConfigurationPlatforms) = preSolution
		Debug|Any CPU = Debug|Any CPU
		Release|Any CPU = Release|Any CPU
	EndGlobalSection
	GlobalSection(ProjectConfigurationPlatforms) = postSolution
		{12C67026-2B3D-44FA-86BB-0F43FDE3F8D1}.Debug|Any CPU.ActiveCfg = Debug|Any CPU
		{12C67026-2B3D-44FA-86BB-0F43FDE3F8D1}.Debug|Any CPU.Build.0 = Debug|Any CPU
		{12C67026-2B3D-44FA-86BB-0F43FDE3F8D1}.Release|Any CPU.ActiveCfg = Release|Any CPU
		{12C67026-2B3D-44FA-86BB-0F43FDE3F8D1}.Release|Any CPU.Build.0 = Release|Any CPU
		{9938BF9B-D978-4D2F-A53A-42F7B8ABD3F1}.Debug|Any CPU.ActiveCfg = Debug|Any CPU
		{9938BF9B-D978-4D2F-A53A-42F7B8ABD3F1}.Debug|Any CPU.Build.0 = Debug|Any CPU
		{9938BF9B-D978-4D2F-A53A-42F7B8ABD3F1}.Release|Any CPU.ActiveCfg = Release|Any CPU
		{9938BF9B-D978-4D2F-A53A-42F7B8ABD3F1}.Release|Any CPU.Build.0 = Release|Any CPU
	EndGlobalSection
EndGlobal
